// !$*UTF8*$!
{
	archiveVersion = 1;
	classes = {
	};
	objectVersion = 56;
	objects = {

/* Begin PBXBuildFile section */
		69B3610D2958CCF4009E684B /* AppDelegate.swift in Sources */ = {isa = PBXBuildFile; fileRef = 69B3610C2958CCF4009E684B /* AppDelegate.swift */; };
		69B361142958CCF4009E684B /* Main.storyboard in Resources */ = {isa = PBXBuildFile; fileRef = 69B361122958CCF4009E684B /* Main.storyboard */; };
		69B361162958CCF6009E684B /* Assets.xcassets in Resources */ = {isa = PBXBuildFile; fileRef = 69B361152958CCF6009E684B /* Assets.xcassets */; };
		69B361192958CCF6009E684B /* LaunchScreen.storyboard in Resources */ = {isa = PBXBuildFile; fileRef = 69B361172958CCF6009E684B /* LaunchScreen.storyboard */; };
		69B361242958CCF7009E684B /* MVVMTests.swift in Sources */ = {isa = PBXBuildFile; fileRef = 69B361232958CCF7009E684B /* MVVMTests.swift */; };
		69B3612E2958CCF7009E684B /* MVVMUITests.swift in Sources */ = {isa = PBXBuildFile; fileRef = 69B3612D2958CCF7009E684B /* MVVMUITests.swift */; };
		69B361302958CCF7009E684B /* MVVMUITestsLaunchTests.swift in Sources */ = {isa = PBXBuildFile; fileRef = 69B3612F2958CCF7009E684B /* MVVMUITestsLaunchTests.swift */; };
		69B3613D2958CF44009E684B /* SceneDelegate.swift in Sources */ = {isa = PBXBuildFile; fileRef = 69B3613C2958CF44009E684B /* SceneDelegate.swift */; };
		69B361402958D001009E684B /* NetworkManager.swift in Sources */ = {isa = PBXBuildFile; fileRef = 69B3613F2958D001009E684B /* NetworkManager.swift */; };
		69B361422958D027009E684B /* HTTPRequest.swift in Sources */ = {isa = PBXBuildFile; fileRef = 69B361412958D027009E684B /* HTTPRequest.swift */; };
		69B361442958D04A009E684B /* NetworkConstants.swift in Sources */ = {isa = PBXBuildFile; fileRef = 69B361432958D04A009E684B /* NetworkConstants.swift */; };
		69B361482958D0DB009E684B /* Observable.swift in Sources */ = {isa = PBXBuildFile; fileRef = 69B361472958D0DB009E684B /* Observable.swift */; };
		69B3614A2958D106009E684B /* StoryBoardHelper.swift in Sources */ = {isa = PBXBuildFile; fileRef = 69B361492958D106009E684B /* StoryBoardHelper.swift */; };
		69B3614C2958D11F009E684B /* NetworkStateCheck.swift in Sources */ = {isa = PBXBuildFile; fileRef = 69B3614B2958D11F009E684B /* NetworkStateCheck.swift */; };
		69D9AF72295B8E78008FF0B5 /* BooksAPIService.swift in Sources */ = {isa = PBXBuildFile; fileRef = 69D9AF71295B8E77008FF0B5 /* BooksAPIService.swift */; };
		69D9AF74295B8E92008FF0B5 /* Constants.swift in Sources */ = {isa = PBXBuildFile; fileRef = 69D9AF73295B8E92008FF0B5 /* Constants.swift */; };
		69D9AF77295B8EBA008FF0B5 /* Books.swift in Sources */ = {isa = PBXBuildFile; fileRef = 69D9AF76295B8EBA008FF0B5 /* Books.swift */; };
		69D9AF7F295B8ED3008FF0B5 /* BooksDataViewModel.swift in Sources */ = {isa = PBXBuildFile; fileRef = 69D9AF79295B8ED3008FF0B5 /* BooksDataViewModel.swift */; };
		69D9AF80295B8ED3008FF0B5 /* BooksViewModel.swift in Sources */ = {isa = PBXBuildFile; fileRef = 69D9AF7A295B8ED3008FF0B5 /* BooksViewModel.swift */; };
		69D9AF81295B8ED3008FF0B5 /* BooksViewController.swift in Sources */ = {isa = PBXBuildFile; fileRef = 69D9AF7C295B8ED3008FF0B5 /* BooksViewController.swift */; };
		69D9AF82295B8ED3008FF0B5 /* BooksTableViewCell.swift in Sources */ = {isa = PBXBuildFile; fileRef = 69D9AF7D295B8ED3008FF0B5 /* BooksTableViewCell.swift */; };
		69D9AF83295B8ED3008FF0B5 /* BookDetailViewController.swift in Sources */ = {isa = PBXBuildFile; fileRef = 69D9AF7E295B8ED3008FF0B5 /* BookDetailViewController.swift */; };
		69D9AF87295B902D008FF0B5 /* UIImageView+Extensions.swift in Sources */ = {isa = PBXBuildFile; fileRef = 69D9AF85295B902D008FF0B5 /* UIImageView+Extensions.swift */; };
		69D9AF88295B902D008FF0B5 /* UIViewController+Extensions.swift in Sources */ = {isa = PBXBuildFile; fileRef = 69D9AF86295B902D008FF0B5 /* UIViewController+Extensions.swift */; };
		69D9AF91295C6480008FF0B5 /* books_error.json in Resources */ = {isa = PBXBuildFile; fileRef = 69D9AF8B295C647F008FF0B5 /* books_error.json */; };
		69D9AF92295C6480008FF0B5 /* books_empty.json in Resources */ = {isa = PBXBuildFile; fileRef = 69D9AF8C295C647F008FF0B5 /* books_empty.json */; };
		69D9AF93295C6480008FF0B5 /* books.json in Resources */ = {isa = PBXBuildFile; fileRef = 69D9AF8D295C647F008FF0B5 /* books.json */; };
		69D9AF94295C6480008FF0B5 /* BooksViewModelTests.swift in Sources */ = {isa = PBXBuildFile; fileRef = 69D9AF8E295C6480008FF0B5 /* BooksViewModelTests.swift */; };
		69D9AF95295C6480008FF0B5 /* BooksMockService.swift in Sources */ = {isa = PBXBuildFile; fileRef = 69D9AF8F295C6480008FF0B5 /* BooksMockService.swift */; };
		69D9AF96295C6480008FF0B5 /* BooksDataViewModelTests.swift in Sources */ = {isa = PBXBuildFile; fileRef = 69D9AF90295C6480008FF0B5 /* BooksDataViewModelTests.swift */; };
/* End PBXBuildFile section */

/* Begin PBXContainerItemProxy section */
		69B361202958CCF7009E684B /* PBXContainerItemProxy */ = {
			isa = PBXContainerItemProxy;
			containerPortal = 69B361012958CCF4009E684B /* Project object */;
			proxyType = 1;
			remoteGlobalIDString = 69B361082958CCF4009E684B;
			remoteInfo = MVVM;
		};
		69B3612A2958CCF7009E684B /* PBXContainerItemProxy */ = {
			isa = PBXContainerItemProxy;
			containerPortal = 69B361012958CCF4009E684B /* Project object */;
			proxyType = 1;
			remoteGlobalIDString = 69B361082958CCF4009E684B;
			remoteInfo = MVVM;
		};
/* End PBXContainerItemProxy section */

/* Begin PBXFileReference section */
		69B361092958CCF4009E684B /* MVVM.app */ = {isa = PBXFileReference; explicitFileType = wrapper.application; includeInIndex = 0; path = MVVM.app; sourceTree = BUILT_PRODUCTS_DIR; };
		69B3610C2958CCF4009E684B /* AppDelegate.swift */ = {isa = PBXFileReference; lastKnownFileType = sourcecode.swift; path = AppDelegate.swift; sourceTree = "<group>"; };
		69B361132958CCF4009E684B /* Base */ = {isa = PBXFileReference; lastKnownFileType = file.storyboard; name = Base; path = Base.lproj/Main.storyboard; sourceTree = "<group>"; };
		69B361152958CCF6009E684B /* Assets.xcassets */ = {isa = PBXFileReference; lastKnownFileType = folder.assetcatalog; path = Assets.xcassets; sourceTree = "<group>"; };
		69B361182958CCF6009E684B /* Base */ = {isa = PBXFileReference; lastKnownFileType = file.storyboard; name = Base; path = Base.lproj/LaunchScreen.storyboard; sourceTree = "<group>"; };
		69B3611A2958CCF6009E684B /* Info.plist */ = {isa = PBXFileReference; lastKnownFileType = text.plist.xml; path = Info.plist; sourceTree = "<group>"; };
		69B3611F2958CCF7009E684B /* MVVMTests.xctest */ = {isa = PBXFileReference; explicitFileType = wrapper.cfbundle; includeInIndex = 0; path = MVVMTests.xctest; sourceTree = BUILT_PRODUCTS_DIR; };
		69B361232958CCF7009E684B /* MVVMTests.swift */ = {isa = PBXFileReference; lastKnownFileType = sourcecode.swift; path = MVVMTests.swift; sourceTree = "<group>"; };
		69B361292958CCF7009E684B /* MVVMUITests.xctest */ = {isa = PBXFileReference; explicitFileType = wrapper.cfbundle; includeInIndex = 0; path = MVVMUITests.xctest; sourceTree = BUILT_PRODUCTS_DIR; };
		69B3612D2958CCF7009E684B /* MVVMUITests.swift */ = {isa = PBXFileReference; lastKnownFileType = sourcecode.swift; path = MVVMUITests.swift; sourceTree = "<group>"; };
		69B3612F2958CCF7009E684B /* MVVMUITestsLaunchTests.swift */ = {isa = PBXFileReference; lastKnownFileType = sourcecode.swift; path = MVVMUITestsLaunchTests.swift; sourceTree = "<group>"; };
		69B3613C2958CF44009E684B /* SceneDelegate.swift */ = {isa = PBXFileReference; fileEncoding = 4; lastKnownFileType = sourcecode.swift; path = SceneDelegate.swift; sourceTree = "<group>"; };
		69B3613F2958D001009E684B /* NetworkManager.swift */ = {isa = PBXFileReference; lastKnownFileType = sourcecode.swift; path = NetworkManager.swift; sourceTree = "<group>"; };
		69B361412958D027009E684B /* HTTPRequest.swift */ = {isa = PBXFileReference; lastKnownFileType = sourcecode.swift; path = HTTPRequest.swift; sourceTree = "<group>"; };
		69B361432958D04A009E684B /* NetworkConstants.swift */ = {isa = PBXFileReference; lastKnownFileType = sourcecode.swift; path = NetworkConstants.swift; sourceTree = "<group>"; };
		69B361472958D0DB009E684B /* Observable.swift */ = {isa = PBXFileReference; lastKnownFileType = sourcecode.swift; path = Observable.swift; sourceTree = "<group>"; };
		69B361492958D106009E684B /* StoryBoardHelper.swift */ = {isa = PBXFileReference; lastKnownFileType = sourcecode.swift; path = StoryBoardHelper.swift; sourceTree = "<group>"; };
		69B3614B2958D11F009E684B /* NetworkStateCheck.swift */ = {isa = PBXFileReference; lastKnownFileType = sourcecode.swift; path = NetworkStateCheck.swift; sourceTree = "<group>"; };
		69D9AF71295B8E77008FF0B5 /* BooksAPIService.swift */ = {isa = PBXFileReference; fileEncoding = 4; lastKnownFileType = sourcecode.swift; path = BooksAPIService.swift; sourceTree = "<group>"; };
		69D9AF73295B8E92008FF0B5 /* Constants.swift */ = {isa = PBXFileReference; fileEncoding = 4; lastKnownFileType = sourcecode.swift; path = Constants.swift; sourceTree = "<group>"; };
		69D9AF76295B8EBA008FF0B5 /* Books.swift */ = {isa = PBXFileReference; fileEncoding = 4; lastKnownFileType = sourcecode.swift; path = Books.swift; sourceTree = "<group>"; };
		69D9AF79295B8ED3008FF0B5 /* BooksDataViewModel.swift */ = {isa = PBXFileReference; fileEncoding = 4; lastKnownFileType = sourcecode.swift; path = BooksDataViewModel.swift; sourceTree = "<group>"; };
		69D9AF7A295B8ED3008FF0B5 /* BooksViewModel.swift */ = {isa = PBXFileReference; fileEncoding = 4; lastKnownFileType = sourcecode.swift; path = BooksViewModel.swift; sourceTree = "<group>"; };
		69D9AF7C295B8ED3008FF0B5 /* BooksViewController.swift */ = {isa = PBXFileReference; fileEncoding = 4; lastKnownFileType = sourcecode.swift; path = BooksViewController.swift; sourceTree = "<group>"; };
		69D9AF7D295B8ED3008FF0B5 /* BooksTableViewCell.swift */ = {isa = PBXFileReference; fileEncoding = 4; lastKnownFileType = sourcecode.swift; path = BooksTableViewCell.swift; sourceTree = "<group>"; };
		69D9AF7E295B8ED3008FF0B5 /* BookDetailViewController.swift */ = {isa = PBXFileReference; fileEncoding = 4; lastKnownFileType = sourcecode.swift; path = BookDetailViewController.swift; sourceTree = "<group>"; };
		69D9AF85295B902D008FF0B5 /* UIImageView+Extensions.swift */ = {isa = PBXFileReference; fileEncoding = 4; lastKnownFileType = sourcecode.swift; path = "UIImageView+Extensions.swift"; sourceTree = "<group>"; };
		69D9AF86295B902D008FF0B5 /* UIViewController+Extensions.swift */ = {isa = PBXFileReference; fileEncoding = 4; lastKnownFileType = sourcecode.swift; path = "UIViewController+Extensions.swift"; sourceTree = "<group>"; };
		69D9AF8B295C647F008FF0B5 /* books_error.json */ = {isa = PBXFileReference; fileEncoding = 4; lastKnownFileType = text.json; path = books_error.json; sourceTree = "<group>"; };
		69D9AF8C295C647F008FF0B5 /* books_empty.json */ = {isa = PBXFileReference; fileEncoding = 4; lastKnownFileType = text.json; path = books_empty.json; sourceTree = "<group>"; };
		69D9AF8D295C647F008FF0B5 /* books.json */ = {isa = PBXFileReference; fileEncoding = 4; lastKnownFileType = text.json; path = books.json; sourceTree = "<group>"; };
		69D9AF8E295C6480008FF0B5 /* BooksViewModelTests.swift */ = {isa = PBXFileReference; fileEncoding = 4; lastKnownFileType = sourcecode.swift; path = BooksViewModelTests.swift; sourceTree = "<group>"; };
		69D9AF8F295C6480008FF0B5 /* BooksMockService.swift */ = {isa = PBXFileReference; fileEncoding = 4; lastKnownFileType = sourcecode.swift; path = BooksMockService.swift; sourceTree = "<group>"; };
		69D9AF90295C6480008FF0B5 /* BooksDataViewModelTests.swift */ = {isa = PBXFileReference; fileEncoding = 4; lastKnownFileType = sourcecode.swift; path = BooksDataViewModelTests.swift; sourceTree = "<group>"; };
/* End PBXFileReference section */

/* Begin PBXFrameworksBuildPhase section */
		69B361062958CCF4009E684B /* Frameworks */ = {
			isa = PBXFrameworksBuildPhase;
			buildActionMask = 2147483647;
			files = (
			);
			runOnlyForDeploymentPostprocessing = 0;
		};
		69B3611C2958CCF7009E684B /* Frameworks */ = {
			isa = PBXFrameworksBuildPhase;
			buildActionMask = 2147483647;
			files = (
			);
			runOnlyForDeploymentPostprocessing = 0;
		};
		69B361262958CCF7009E684B /* Frameworks */ = {
			isa = PBXFrameworksBuildPhase;
			buildActionMask = 2147483647;
			files = (
			);
			runOnlyForDeploymentPostprocessing = 0;
		};
/* End PBXFrameworksBuildPhase section */

/* Begin PBXGroup section */
		69B361002958CCF4009E684B = {
			isa = PBXGroup;
			children = (
				69B3610B2958CCF4009E684B /* MVVM */,
				69B361222958CCF7009E684B /* MVVMTests */,
				69B3612C2958CCF7009E684B /* MVVMUITests */,
				69B3610A2958CCF4009E684B /* Products */,
			);
			sourceTree = "<group>";
		};
		69B3610A2958CCF4009E684B /* Products */ = {
			isa = PBXGroup;
			children = (
				69B361092958CCF4009E684B /* MVVM.app */,
				69B3611F2958CCF7009E684B /* MVVMTests.xctest */,
				69B361292958CCF7009E684B /* MVVMUITests.xctest */,
			);
			name = Products;
			sourceTree = "<group>";
		};
		69B3610B2958CCF4009E684B /* MVVM */ = {
			isa = PBXGroup;
			children = (
				69D9AF89295B9054008FF0B5 /* MainStoryboard */,
				69D9AF84295B902D008FF0B5 /* Extensions */,
				69D9AF78295B8ED3008FF0B5 /* ViewModel */,
				69D9AF7B295B8ED3008FF0B5 /* Views */,
				69D9AF75295B8EBA008FF0B5 /* Model */,
				69D9AF70295B8E77008FF0B5 /* APIService */,
				69B361462958D0AE009E684B /* Helper */,
				69B361452958D053009E684B /* AppDelegate */,
				69B3613E2958CFE9009E684B /* NetworkManager */,
				69B361152958CCF6009E684B /* Assets.xcassets */,
				69B3611A2958CCF6009E684B /* Info.plist */,
			);
			path = MVVM;
			sourceTree = "<group>";
		};
		69B361222958CCF7009E684B /* MVVMTests */ = {
			isa = PBXGroup;
			children = (
				69D9AF90295C6480008FF0B5 /* BooksDataViewModelTests.swift */,
				69D9AF8F295C6480008FF0B5 /* BooksMockService.swift */,
				69D9AF8E295C6480008FF0B5 /* BooksViewModelTests.swift */,
				69D9AF8A295C647F008FF0B5 /* Mock */,
				69B361232958CCF7009E684B /* MVVMTests.swift */,
			);
			path = MVVMTests;
			sourceTree = "<group>";
		};
		69B3612C2958CCF7009E684B /* MVVMUITests */ = {
			isa = PBXGroup;
			children = (
				69B3612D2958CCF7009E684B /* MVVMUITests.swift */,
				69B3612F2958CCF7009E684B /* MVVMUITestsLaunchTests.swift */,
			);
			path = MVVMUITests;
			sourceTree = "<group>";
		};
		69B3613E2958CFE9009E684B /* NetworkManager */ = {
			isa = PBXGroup;
			children = (
				69B3613F2958D001009E684B /* NetworkManager.swift */,
				69B361412958D027009E684B /* HTTPRequest.swift */,
				69B361432958D04A009E684B /* NetworkConstants.swift */,
			);
			path = NetworkManager;
			sourceTree = "<group>";
		};
		69B361452958D053009E684B /* AppDelegate */ = {
			isa = PBXGroup;
			children = (
				69B3610C2958CCF4009E684B /* AppDelegate.swift */,
				69B3613C2958CF44009E684B /* SceneDelegate.swift */,
			);
			path = AppDelegate;
			sourceTree = "<group>";
		};
		69B361462958D0AE009E684B /* Helper */ = {
			isa = PBXGroup;
			children = (
				69D9AF73295B8E92008FF0B5 /* Constants.swift */,
				69B361472958D0DB009E684B /* Observable.swift */,
				69B361492958D106009E684B /* StoryBoardHelper.swift */,
				69B3614B2958D11F009E684B /* NetworkStateCheck.swift */,
			);
			path = Helper;
			sourceTree = "<group>";
		};
		69D9AF70295B8E77008FF0B5 /* APIService */ = {
			isa = PBXGroup;
			children = (
				69D9AF71295B8E77008FF0B5 /* BooksAPIService.swift */,
			);
			path = APIService;
			sourceTree = "<group>";
		};
		69D9AF75295B8EBA008FF0B5 /* Model */ = {
			isa = PBXGroup;
			children = (
				69D9AF76295B8EBA008FF0B5 /* Books.swift */,
			);
			path = Model;
			sourceTree = "<group>";
		};
		69D9AF78295B8ED3008FF0B5 /* ViewModel */ = {
			isa = PBXGroup;
			children = (
				69D9AF79295B8ED3008FF0B5 /* BooksDataViewModel.swift */,
				69D9AF7A295B8ED3008FF0B5 /* BooksViewModel.swift */,
			);
			path = ViewModel;
			sourceTree = "<group>";
		};
		69D9AF7B295B8ED3008FF0B5 /* Views */ = {
			isa = PBXGroup;
			children = (
				69D9AF7C295B8ED3008FF0B5 /* BooksViewController.swift */,
				69D9AF7D295B8ED3008FF0B5 /* BooksTableViewCell.swift */,
				69D9AF7E295B8ED3008FF0B5 /* BookDetailViewController.swift */,
			);
			path = Views;
			sourceTree = "<group>";
		};
		69D9AF84295B902D008FF0B5 /* Extensions */ = {
			isa = PBXGroup;
			children = (
				69D9AF85295B902D008FF0B5 /* UIImageView+Extensions.swift */,
				69D9AF86295B902D008FF0B5 /* UIViewController+Extensions.swift */,
			);
			path = Extensions;
			sourceTree = "<group>";
		};
		69D9AF89295B9054008FF0B5 /* MainStoryboard */ = {
			isa = PBXGroup;
			children = (
				69B361122958CCF4009E684B /* Main.storyboard */,
				69B361172958CCF6009E684B /* LaunchScreen.storyboard */,
			);
			path = MainStoryboard;
			sourceTree = "<group>";
		};
		69D9AF8A295C647F008FF0B5 /* Mock */ = {
			isa = PBXGroup;
			children = (
				69D9AF8B295C647F008FF0B5 /* books_error.json */,
				69D9AF8C295C647F008FF0B5 /* books_empty.json */,
				69D9AF8D295C647F008FF0B5 /* books.json */,
			);
			path = Mock;
			sourceTree = "<group>";
		};
/* End PBXGroup section */

/* Begin PBXNativeTarget section */
		69B361082958CCF4009E684B /* MVVM */ = {
			isa = PBXNativeTarget;
			buildConfigurationList = 69B361332958CCF7009E684B /* Build configuration list for PBXNativeTarget "MVVM" */;
			buildPhases = (
				69B361052958CCF4009E684B /* Sources */,
				69B361062958CCF4009E684B /* Frameworks */,
				69B361072958CCF4009E684B /* Resources */,
			);
			buildRules = (
			);
			dependencies = (
			);
			name = MVVM;
			productName = MVVM;
			productReference = 69B361092958CCF4009E684B /* MVVM.app */;
			productType = "com.apple.product-type.application";
		};
		69B3611E2958CCF7009E684B /* MVVMTests */ = {
			isa = PBXNativeTarget;
			buildConfigurationList = 69B361362958CCF7009E684B /* Build configuration list for PBXNativeTarget "MVVMTests" */;
			buildPhases = (
				69B3611B2958CCF7009E684B /* Sources */,
				69B3611C2958CCF7009E684B /* Frameworks */,
				69B3611D2958CCF7009E684B /* Resources */,
			);
			buildRules = (
			);
			dependencies = (
				69B361212958CCF7009E684B /* PBXTargetDependency */,
			);
			name = MVVMTests;
			productName = MVVMTests;
			productReference = 69B3611F2958CCF7009E684B /* MVVMTests.xctest */;
			productType = "com.apple.product-type.bundle.unit-test";
		};
		69B361282958CCF7009E684B /* MVVMUITests */ = {
			isa = PBXNativeTarget;
			buildConfigurationList = 69B361392958CCF7009E684B /* Build configuration list for PBXNativeTarget "MVVMUITests" */;
			buildPhases = (
				69B361252958CCF7009E684B /* Sources */,
				69B361262958CCF7009E684B /* Frameworks */,
				69B361272958CCF7009E684B /* Resources */,
			);
			buildRules = (
			);
			dependencies = (
				69B3612B2958CCF7009E684B /* PBXTargetDependency */,
			);
			name = MVVMUITests;
			productName = MVVMUITests;
			productReference = 69B361292958CCF7009E684B /* MVVMUITests.xctest */;
			productType = "com.apple.product-type.bundle.ui-testing";
		};
/* End PBXNativeTarget section */

/* Begin PBXProject section */
		69B361012958CCF4009E684B /* Project object */ = {
			isa = PBXProject;
			attributes = {
				BuildIndependentTargetsInParallel = 1;
				LastSwiftUpdateCheck = 1410;
				LastUpgradeCheck = 1410;
				TargetAttributes = {
					69B361082958CCF4009E684B = {
						CreatedOnToolsVersion = 14.1;
					};
					69B3611E2958CCF7009E684B = {
						CreatedOnToolsVersion = 14.1;
						TestTargetID = 69B361082958CCF4009E684B;
					};
					69B361282958CCF7009E684B = {
						CreatedOnToolsVersion = 14.1;
						TestTargetID = 69B361082958CCF4009E684B;
					};
				};
			};
			buildConfigurationList = 69B361042958CCF4009E684B /* Build configuration list for PBXProject "MVVM" */;
			compatibilityVersion = "Xcode 14.0";
			developmentRegion = en;
			hasScannedForEncodings = 0;
			knownRegions = (
				en,
				Base,
			);
			mainGroup = 69B361002958CCF4009E684B;
			productRefGroup = 69B3610A2958CCF4009E684B /* Products */;
			projectDirPath = "";
			projectRoot = "";
			targets = (
				69B361082958CCF4009E684B /* MVVM */,
				69B3611E2958CCF7009E684B /* MVVMTests */,
				69B361282958CCF7009E684B /* MVVMUITests */,
			);
		};
/* End PBXProject section */

/* Begin PBXResourcesBuildPhase section */
		69B361072958CCF4009E684B /* Resources */ = {
			isa = PBXResourcesBuildPhase;
			buildActionMask = 2147483647;
			files = (
				69B361192958CCF6009E684B /* LaunchScreen.storyboard in Resources */,
				69B361162958CCF6009E684B /* Assets.xcassets in Resources */,
				69B361142958CCF4009E684B /* Main.storyboard in Resources */,
			);
			runOnlyForDeploymentPostprocessing = 0;
		};
		69B3611D2958CCF7009E684B /* Resources */ = {
			isa = PBXResourcesBuildPhase;
			buildActionMask = 2147483647;
			files = (
				69D9AF93295C6480008FF0B5 /* books.json in Resources */,
				69D9AF92295C6480008FF0B5 /* books_empty.json in Resources */,
				69D9AF91295C6480008FF0B5 /* books_error.json in Resources */,
			);
			runOnlyForDeploymentPostprocessing = 0;
		};
		69B361272958CCF7009E684B /* Resources */ = {
			isa = PBXResourcesBuildPhase;
			buildActionMask = 2147483647;
			files = (
			);
			runOnlyForDeploymentPostprocessing = 0;
		};
/* End PBXResourcesBuildPhase section */

/* Begin PBXSourcesBuildPhase section */
		69B361052958CCF4009E684B /* Sources */ = {
			isa = PBXSourcesBuildPhase;
			buildActionMask = 2147483647;
			files = (
				69D9AF77295B8EBA008FF0B5 /* Books.swift in Sources */,
				69B361442958D04A009E684B /* NetworkConstants.swift in Sources */,
				69D9AF83295B8ED3008FF0B5 /* BookDetailViewController.swift in Sources */,
				69D9AF7F295B8ED3008FF0B5 /* BooksDataViewModel.swift in Sources */,
				69D9AF80295B8ED3008FF0B5 /* BooksViewModel.swift in Sources */,
				69D9AF82295B8ED3008FF0B5 /* BooksTableViewCell.swift in Sources */,
				69D9AF88295B902D008FF0B5 /* UIViewController+Extensions.swift in Sources */,
				69D9AF74295B8E92008FF0B5 /* Constants.swift in Sources */,
				69D9AF81295B8ED3008FF0B5 /* BooksViewController.swift in Sources */,
				69D9AF72295B8E78008FF0B5 /* BooksAPIService.swift in Sources */,
				69B361402958D001009E684B /* NetworkManager.swift in Sources */,
				69B3614A2958D106009E684B /* StoryBoardHelper.swift in Sources */,
				69D9AF87295B902D008FF0B5 /* UIImageView+Extensions.swift in Sources */,
				69B361482958D0DB009E684B /* Observable.swift in Sources */,
				69B361422958D027009E684B /* HTTPRequest.swift in Sources */,
				69B3610D2958CCF4009E684B /* AppDelegate.swift in Sources */,
				69B3614C2958D11F009E684B /* NetworkStateCheck.swift in Sources */,
				69B3613D2958CF44009E684B /* SceneDelegate.swift in Sources */,
			);
			runOnlyForDeploymentPostprocessing = 0;
		};
		69B3611B2958CCF7009E684B /* Sources */ = {
			isa = PBXSourcesBuildPhase;
			buildActionMask = 2147483647;
			files = (
				69B361242958CCF7009E684B /* MVVMTests.swift in Sources */,
				69D9AF95295C6480008FF0B5 /* BooksMockService.swift in Sources */,
				69D9AF94295C6480008FF0B5 /* BooksViewModelTests.swift in Sources */,
				69D9AF96295C6480008FF0B5 /* BooksDataViewModelTests.swift in Sources */,
			);
			runOnlyForDeploymentPostprocessing = 0;
		};
		69B361252958CCF7009E684B /* Sources */ = {
			isa = PBXSourcesBuildPhase;
			buildActionMask = 2147483647;
			files = (
				69B361302958CCF7009E684B /* MVVMUITestsLaunchTests.swift in Sources */,
				69B3612E2958CCF7009E684B /* MVVMUITests.swift in Sources */,
			);
			runOnlyForDeploymentPostprocessing = 0;
		};
/* End PBXSourcesBuildPhase section */

/* Begin PBXTargetDependency section */
		69B361212958CCF7009E684B /* PBXTargetDependency */ = {
			isa = PBXTargetDependency;
			target = 69B361082958CCF4009E684B /* MVVM */;
			targetProxy = 69B361202958CCF7009E684B /* PBXContainerItemProxy */;
		};
		69B3612B2958CCF7009E684B /* PBXTargetDependency */ = {
			isa = PBXTargetDependency;
			target = 69B361082958CCF4009E684B /* MVVM */;
			targetProxy = 69B3612A2958CCF7009E684B /* PBXContainerItemProxy */;
		};
/* End PBXTargetDependency section */

/* Begin PBXVariantGroup section */
		69B361122958CCF4009E684B /* Main.storyboard */ = {
			isa = PBXVariantGroup;
			children = (
				69B361132958CCF4009E684B /* Base */,
			);
			name = Main.storyboard;
			sourceTree = "<group>";
		};
		69B361172958CCF6009E684B /* LaunchScreen.storyboard */ = {
			isa = PBXVariantGroup;
			children = (
				69B361182958CCF6009E684B /* Base */,
			);
			name = LaunchScreen.storyboard;
			sourceTree = "<group>";
		};
/* End PBXVariantGroup section */

/* Begin XCBuildConfiguration section */
		69B361312958CCF7009E684B /* Debug */ = {
			isa = XCBuildConfiguration;
			buildSettings = {
				ALWAYS_SEARCH_USER_PATHS = NO;
				CLANG_ANALYZER_NONNULL = YES;
				CLANG_ANALYZER_NUMBER_OBJECT_CONVERSION = YES_AGGRESSIVE;
				CLANG_CXX_LANGUAGE_STANDARD = "gnu++20";
				CLANG_ENABLE_MODULES = YES;
				CLANG_ENABLE_OBJC_ARC = YES;
				CLANG_ENABLE_OBJC_WEAK = YES;
				CLANG_WARN_BLOCK_CAPTURE_AUTORELEASING = YES;
				CLANG_WARN_BOOL_CONVERSION = YES;
				CLANG_WARN_COMMA = YES;
				CLANG_WARN_CONSTANT_CONVERSION = YES;
				CLANG_WARN_DEPRECATED_OBJC_IMPLEMENTATIONS = YES;
				CLANG_WARN_DIRECT_OBJC_ISA_USAGE = YES_ERROR;
				CLANG_WARN_DOCUMENTATION_COMMENTS = YES;
				CLANG_WARN_EMPTY_BODY = YES;
				CLANG_WARN_ENUM_CONVERSION = YES;
				CLANG_WARN_INFINITE_RECURSION = YES;
				CLANG_WARN_INT_CONVERSION = YES;
				CLANG_WARN_NON_LITERAL_NULL_CONVERSION = YES;
				CLANG_WARN_OBJC_IMPLICIT_RETAIN_SELF = YES;
				CLANG_WARN_OBJC_LITERAL_CONVERSION = YES;
				CLANG_WARN_OBJC_ROOT_CLASS = YES_ERROR;
				CLANG_WARN_QUOTED_INCLUDE_IN_FRAMEWORK_HEADER = YES;
				CLANG_WARN_RANGE_LOOP_ANALYSIS = YES;
				CLANG_WARN_STRICT_PROTOTYPES = YES;
				CLANG_WARN_SUSPICIOUS_MOVE = YES;
				CLANG_WARN_UNGUARDED_AVAILABILITY = YES_AGGRESSIVE;
				CLANG_WARN_UNREACHABLE_CODE = YES;
				CLANG_WARN__DUPLICATE_METHOD_MATCH = YES;
				COPY_PHASE_STRIP = NO;
				DEBUG_INFORMATION_FORMAT = dwarf;
				ENABLE_STRICT_OBJC_MSGSEND = YES;
				ENABLE_TESTABILITY = YES;
				GCC_C_LANGUAGE_STANDARD = gnu11;
				GCC_DYNAMIC_NO_PIC = NO;
				GCC_NO_COMMON_BLOCKS = YES;
				GCC_OPTIMIZATION_LEVEL = 0;
				GCC_PREPROCESSOR_DEFINITIONS = (
					"DEBUG=1",
					"$(inherited)",
				);
				GCC_WARN_64_TO_32_BIT_CONVERSION = YES;
				GCC_WARN_ABOUT_RETURN_TYPE = YES_ERROR;
				GCC_WARN_UNDECLARED_SELECTOR = YES;
				GCC_WARN_UNINITIALIZED_AUTOS = YES_AGGRESSIVE;
				GCC_WARN_UNUSED_FUNCTION = YES;
				GCC_WARN_UNUSED_VARIABLE = YES;
				IPHONEOS_DEPLOYMENT_TARGET = 16.1;
				MTL_ENABLE_DEBUG_INFO = INCLUDE_SOURCE;
				MTL_FAST_MATH = YES;
				ONLY_ACTIVE_ARCH = YES;
				SDKROOT = iphoneos;
				SWIFT_ACTIVE_COMPILATION_CONDITIONS = DEBUG;
				SWIFT_OPTIMIZATION_LEVEL = "-Onone";
			};
			name = Debug;
		};
		69B361322958CCF7009E684B /* Release */ = {
			isa = XCBuildConfiguration;
			buildSettings = {
				ALWAYS_SEARCH_USER_PATHS = NO;
				CLANG_ANALYZER_NONNULL = YES;
				CLANG_ANALYZER_NUMBER_OBJECT_CONVERSION = YES_AGGRESSIVE;
				CLANG_CXX_LANGUAGE_STANDARD = "gnu++20";
				CLANG_ENABLE_MODULES = YES;
				CLANG_ENABLE_OBJC_ARC = YES;
				CLANG_ENABLE_OBJC_WEAK = YES;
				CLANG_WARN_BLOCK_CAPTURE_AUTORELEASING = YES;
				CLANG_WARN_BOOL_CONVERSION = YES;
				CLANG_WARN_COMMA = YES;
				CLANG_WARN_CONSTANT_CONVERSION = YES;
				CLANG_WARN_DEPRECATED_OBJC_IMPLEMENTATIONS = YES;
				CLANG_WARN_DIRECT_OBJC_ISA_USAGE = YES_ERROR;
				CLANG_WARN_DOCUMENTATION_COMMENTS = YES;
				CLANG_WARN_EMPTY_BODY = YES;
				CLANG_WARN_ENUM_CONVERSION = YES;
				CLANG_WARN_INFINITE_RECURSION = YES;
				CLANG_WARN_INT_CONVERSION = YES;
				CLANG_WARN_NON_LITERAL_NULL_CONVERSION = YES;
				CLANG_WARN_OBJC_IMPLICIT_RETAIN_SELF = YES;
				CLANG_WARN_OBJC_LITERAL_CONVERSION = YES;
				CLANG_WARN_OBJC_ROOT_CLASS = YES_ERROR;
				CLANG_WARN_QUOTED_INCLUDE_IN_FRAMEWORK_HEADER = YES;
				CLANG_WARN_RANGE_LOOP_ANALYSIS = YES;
				CLANG_WARN_STRICT_PROTOTYPES = YES;
				CLANG_WARN_SUSPICIOUS_MOVE = YES;
				CLANG_WARN_UNGUARDED_AVAILABILITY = YES_AGGRESSIVE;
				CLANG_WARN_UNREACHABLE_CODE = YES;
				CLANG_WARN__DUPLICATE_METHOD_MATCH = YES;
				COPY_PHASE_STRIP = NO;
				DEBUG_INFORMATION_FORMAT = "dwarf-with-dsym";
				ENABLE_NS_ASSERTIONS = NO;
				ENABLE_STRICT_OBJC_MSGSEND = YES;
				GCC_C_LANGUAGE_STANDARD = gnu11;
				GCC_NO_COMMON_BLOCKS = YES;
				GCC_WARN_64_TO_32_BIT_CONVERSION = YES;
				GCC_WARN_ABOUT_RETURN_TYPE = YES_ERROR;
				GCC_WARN_UNDECLARED_SELECTOR = YES;
				GCC_WARN_UNINITIALIZED_AUTOS = YES_AGGRESSIVE;
				GCC_WARN_UNUSED_FUNCTION = YES;
				GCC_WARN_UNUSED_VARIABLE = YES;
				IPHONEOS_DEPLOYMENT_TARGET = 16.1;
				MTL_ENABLE_DEBUG_INFO = NO;
				MTL_FAST_MATH = YES;
				SDKROOT = iphoneos;
				SWIFT_COMPILATION_MODE = wholemodule;
				SWIFT_OPTIMIZATION_LEVEL = "-O";
				VALIDATE_PRODUCT = YES;
			};
			name = Release;
		};
		69B361342958CCF7009E684B /* Debug */ = {
			isa = XCBuildConfiguration;
			buildSettings = {
				ASSETCATALOG_COMPILER_APPICON_NAME = AppIcon;
				ASSETCATALOG_COMPILER_GLOBAL_ACCENT_COLOR_NAME = AccentColor;
				CODE_SIGN_STYLE = Automatic;
				CURRENT_PROJECT_VERSION = 1;
				GENERATE_INFOPLIST_FILE = YES;
				INFOPLIST_FILE = MVVM/Info.plist;
				INFOPLIST_KEY_UIApplicationSupportsIndirectInputEvents = YES;
				INFOPLIST_KEY_UILaunchStoryboardName = LaunchScreen;
				INFOPLIST_KEY_UIMainStoryboardFile = Main;
				INFOPLIST_KEY_UISupportedInterfaceOrientations_iPad = "UIInterfaceOrientationPortrait UIInterfaceOrientationPortraitUpsideDown UIInterfaceOrientationLandscapeLeft UIInterfaceOrientationLandscapeRight";
				INFOPLIST_KEY_UISupportedInterfaceOrientations_iPhone = "UIInterfaceOrientationPortrait UIInterfaceOrientationLandscapeLeft UIInterfaceOrientationLandscapeRight";
				LD_RUNPATH_SEARCH_PATHS = (
					"$(inherited)",
					"@executable_path/Frameworks",
				);
				MARKETING_VERSION = 1.0;
				PRODUCT_BUNDLE_IDENTIFIER = com.MVVM;
				PRODUCT_NAME = "$(TARGET_NAME)";
				SWIFT_EMIT_LOC_STRINGS = YES;
				SWIFT_VERSION = 5.0;
				TARGETED_DEVICE_FAMILY = "1,2";
			};
			name = Debug;
		};
		69B361352958CCF7009E684B /* Release */ = {
			isa = XCBuildConfiguration;
			buildSettings = {
				ASSETCATALOG_COMPILER_APPICON_NAME = AppIcon;
				ASSETCATALOG_COMPILER_GLOBAL_ACCENT_COLOR_NAME = AccentColor;
				CODE_SIGN_STYLE = Automatic;
				CURRENT_PROJECT_VERSION = 1;
				GENERATE_INFOPLIST_FILE = YES;
				INFOPLIST_FILE = MVVM/Info.plist;
				INFOPLIST_KEY_UIApplicationSupportsIndirectInputEvents = YES;
				INFOPLIST_KEY_UILaunchStoryboardName = LaunchScreen;
				INFOPLIST_KEY_UIMainStoryboardFile = Main;
				INFOPLIST_KEY_UISupportedInterfaceOrientations_iPad = "UIInterfaceOrientationPortrait UIInterfaceOrientationPortraitUpsideDown UIInterfaceOrientationLandscapeLeft UIInterfaceOrientationLandscapeRight";
				INFOPLIST_KEY_UISupportedInterfaceOrientations_iPhone = "UIInterfaceOrientationPortrait UIInterfaceOrientationLandscapeLeft UIInterfaceOrientationLandscapeRight";
				LD_RUNPATH_SEARCH_PATHS = (
					"$(inherited)",
					"@executable_path/Frameworks",
				);
				MARKETING_VERSION = 1.0;
				PRODUCT_BUNDLE_IDENTIFIER = com.MVVM;
				PRODUCT_NAME = "$(TARGET_NAME)";
				SWIFT_EMIT_LOC_STRINGS = YES;
				SWIFT_VERSION = 5.0;
				TARGETED_DEVICE_FAMILY = "1,2";
			};
			name = Release;
		};
		69B361372958CCF7009E684B /* Debug */ = {
			isa = XCBuildConfiguration;
			buildSettings = {
				ALWAYS_EMBED_SWIFT_STANDARD_LIBRARIES = YES;
				BUNDLE_LOADER = "$(TEST_HOST)";
				CODE_SIGN_STYLE = Automatic;
				CURRENT_PROJECT_VERSION = 1;
				GENERATE_INFOPLIST_FILE = YES;
				IPHONEOS_DEPLOYMENT_TARGET = 16.1;
				MARKETING_VERSION = 1.0;
				PRODUCT_BUNDLE_IDENTIFIER = com.MVVMTests;
				PRODUCT_NAME = "$(TARGET_NAME)";
				SWIFT_EMIT_LOC_STRINGS = NO;
				SWIFT_VERSION = 5.0;
				TARGETED_DEVICE_FAMILY = "1,2";
				TEST_HOST = "$(BUILT_PRODUCTS_DIR)/MVVM.app/$(BUNDLE_EXECUTABLE_FOLDER_PATH)/MVVM";
			};
			name = Debug;
		};
		69B361382958CCF7009E684B /* Release */ = {
			isa = XCBuildConfiguration;
			buildSettings = {
				ALWAYS_EMBED_SWIFT_STANDARD_LIBRARIES = YES;
				BUNDLE_LOADER = "$(TEST_HOST)";
				CODE_SIGN_STYLE = Automatic;
				CURRENT_PROJECT_VERSION = 1;
				GENERATE_INFOPLIST_FILE = YES;
				IPHONEOS_DEPLOYMENT_TARGET = 16.1;
				MARKETING_VERSION = 1.0;
				PRODUCT_BUNDLE_IDENTIFIER = com.MVVMTests;
				PRODUCT_NAME = "$(TARGET_NAME)";
				SWIFT_EMIT_LOC_STRINGS = NO;
				SWIFT_VERSION = 5.0;
				TARGETED_DEVICE_FAMILY = "1,2";
				TEST_HOST = "$(BUILT_PRODUCTS_DIR)/MVVM.app/$(BUNDLE_EXECUTABLE_FOLDER_PATH)/MVVM";
			};
			name = Release;
		};
		69B3613A2958CCF7009E684B /* Debug */ = {
			isa = XCBuildConfiguration;
			buildSettings = {
				ALWAYS_EMBED_SWIFT_STANDARD_LIBRARIES = YES;
				CODE_SIGN_STYLE = Automatic;
				CURRENT_PROJECT_VERSION = 1;
				GENERATE_INFOPLIST_FILE = YES;
				MARKETING_VERSION = 1.0;
				PRODUCT_BUNDLE_IDENTIFIER = com.MVVMUITests;
				PRODUCT_NAME = "$(TARGET_NAME)";
				SWIFT_EMIT_LOC_STRINGS = NO;
				SWIFT_VERSION = 5.0;
				TARGETED_DEVICE_FAMILY = "1,2";
				TEST_TARGET_NAME = MVVM;
			};
			name = Debug;
		};
		69B3613B2958CCF7009E684B /* Release */ = {
			isa = XCBuildConfiguration;
			buildSettings = {
				ALWAYS_EMBED_SWIFT_STANDARD_LIBRARIES = YES;
				CODE_SIGN_STYLE = Automatic;
				CURRENT_PROJECT_VERSION = 1;
				GENERATE_INFOPLIST_FILE = YES;
				MARKETING_VERSION = 1.0;
				PRODUCT_BUNDLE_IDENTIFIER = com.MVVMUITests;
				PRODUCT_NAME = "$(TARGET_NAME)";
				SWIFT_EMIT_LOC_STRINGS = NO;
				SWIFT_VERSION = 5.0;
				TARGETED_DEVICE_FAMILY = "1,2";
				TEST_TARGET_NAME = MVVM;
			};
			name = Release;
		};
/* End XCBuildConfiguration section */

/* Begin XCConfigurationList section */
		69B361042958CCF4009E684B /* Build configuration list for PBXProject "MVVM" */ = {
			isa = XCConfigurationList;
			buildConfigurations = (
				69B361312958CCF7009E684B /* Debug */,
				69B361322958CCF7009E684B /* Release */,
			);
			defaultConfigurationIsVisible = 0;
			defaultConfigurationName = Release;
		};
		69B361332958CCF7009E684B /* Build configuration list for PBXNativeTarget "MVVM" */ = {
			isa = XCConfigurationList;
			buildConfigurations = (
				69B361342958CCF7009E684B /* Debug */,
				69B361352958CCF7009E684B /* Release */,
			);
			defaultConfigurationIsVisible = 0;
			defaultConfigurationName = Release;
		};
		69B361362958CCF7009E684B /* Build configuration list for PBXNativeTarget "MVVMTests" */ = {
			isa = XCConfigurationList;
			buildConfigurations = (
				69B361372958CCF7009E684B /* Debug */,
				69B361382958CCF7009E684B /* Release */,
			);
			defaultConfigurationIsVisible = 0;
			defaultConfigurationName = Release;
		};
		69B361392958CCF7009E684B /* Build configuration list for PBXNativeTarget "MVVMUITests" */ = {
			isa = XCConfigurationList;
			buildConfigurations = (
				69B3613A2958CCF7009E684B /* Debug */,
				69B3613B2958CCF7009E684B /* Release */,
			);
			defaultConfigurationIsVisible = 0;
			defaultConfigurationName = Release;
		};
/* End XCConfigurationList section */
	};
	rootObject = 69B361012958CCF4009E684B /* Project object */;
}
